{
  "originHash" : "0d4e19f9f5b6213e2c01395082166bf73649958c5e1e66b368200de1fa15a6e0",
  "pins" : [
    {
      "identity" : "fluidaudio",
      "kind" : "remoteSourceControl",
      "location" : "https://github.com/FluidInference/FluidAudio.git",
      "state" : {
        "revision" : "364d83931187ebc3c95f352d1ae4baf52c5491f3",
        "version" : "0.14.6"
      }
    },
    {
      "identity" : "swiftydropbox",
      "kind" : "remoteSourceControl",
      "location" : "https://github.com/dropbox/SwiftyDropbox.git",
      "state" : {
        "revision" : "e315e0b14edb83f022134aef389deb4e8bee6bbf",
        "version" : "10.2.4"
      }
    }
  ],
  "version" : 3
}
